
Microsoft Visual Studio Solution File, Format Version 12.00
# Visual Studio Version 17
VisualStudioVersion = 17.5.002.0
MinimumVisualStudioVersion = 10.0.40219.1
Project("{9A19103F-16F7-4668-BE54-9A1E7A4F7556}") = "Leikkikentta-MitM-FuncApp-dev", "FunctionApp\Leikkikentta-MitM-FuncApp-dev.csproj", "{A796B946-6E48-427E-871E-9E805C9E23CA}"
EndProject
Global
	GlobalSection(SolutionConfigurationPlatforms) = preSolution
		Debug|Any CPU = Debug|Any CPU
		Release|Any CPU = Release|Any CPU
	EndGlobalSection
	GlobalSection(ProjectConfigurationPlatforms) = postSolution
		{A796B946-6E48-427E-871E-9E805C9E23CA}.Debug|Any CPU.ActiveCfg = Debug|Any CPU
		{A796B946-6E48-427E-871E-9E805C9E23CA}.Debug|Any CPU.Build.0 = Debug|Any CPU
		{A796B946-6E48-427E-871E-9E805C9E23CA}.Release|Any CPU.ActiveCfg = Release|Any CPU
		{A796B946-6E48-427E-871E-9E805C9E23CA}.Release|Any CPU.Build.0 = Release|Any CPU
	EndGlobalSection
	GlobalSection(SolutionProperties) = preSolution
		HideSolutionNode = FALSE
	EndGlobalSection
	GlobalSection(ExtensibilityGlobals) = postSolution
		SolutionGuid = {4AF1C636-4FA3-4D29-8064-143119C48999}
	EndGlobalSection
EndGlobal
